
Microsoft Visual Studio Solution File, Format Version 12.00
# Visual Studio 14
VisualStudioVersion = 14.0.25420.1
MinimumVisualStudioVersion = 10.0.40219.1
Project("{FAE04EC0-301F-11D3-BF4B-00C04F79EFBC}") = "StkCommon.UI.Wpf", "StkCommon.UI.Wpf\StkCommon.UI.Wpf.csproj", "{1742F56B-F8A4-4FE4-9BE6-5A732359CFB3}"
EndProject
Project("{2150E333-8FDC-42A3-9474-1A3956D46DE8}") = "Solution Items", "Solution Items", "{B08FAEEF-F4D1-419B-9924-96A1D9383C20}"
	ProjectSection(SolutionItems) = preProject
		VersionAssemblyInfo.cs = VersionAssemblyInfo.cs
	EndProjectSection
EndProject
Project("{FAE04EC0-301F-11D3-BF4B-00C04F79EFBC}") = "StkCommon.UI.Wpf.Theme", "StkCommon.UI.Wpf.Theme\StkCommon.UI.Wpf.Theme.csproj", "{53E5C46F-24DC-444B-A0AF-6D0EF565D6EF}"
EndProject
Project("{2150E333-8FDC-42A3-9474-1A3956D46DE8}") = "Tests", "Tests", "{4E3C6C39-8C17-49E2-B30F-D7F8A588D7FF}"
EndProject
Project("{FAE04EC0-301F-11D3-BF4B-00C04F79EFBC}") = "Wpf.DemoApp", "Wpf.DemoApp\Wpf.DemoApp.csproj", "{704622AD-5660-4AC1-AAF7-BA1B3C75E41C}"
EndProject
Project("{FAE04EC0-301F-11D3-BF4B-00C04F79EFBC}") = "StkCommon.UI.Wpf.Test", "StkCommon.UI.Wpf.Test\StkCommon.UI.Wpf.Test.csproj", "{34371A4B-82AE-4909-9051-B573A87C5BB3}"
EndProject
Project("{FAE04EC0-301F-11D3-BF4B-00C04F79EFBC}") = "StkCommon.Data", "StkCommon.Data\StkCommon.Data.csproj", "{DA5588E9-5C49-4378-BF77-D04D95C4327F}"
EndProject
Project("{FAE04EC0-301F-11D3-BF4B-00C04F79EFBC}") = "StkCommon.Data.Test", "StkCommon.Data.Test\StkCommon.Data.Test.csproj", "{38687D33-5120-4B2E-B2D2-E515CDDF088A}"
EndProject
Project("{2150E333-8FDC-42A3-9474-1A3956D46DE8}") = ".nuget", ".nuget", "{8567066C-377C-4B0C-85B9-AF31EDF612CC}"
	ProjectSection(SolutionItems) = preProject
		.nuget\NuGet.Config = .nuget\NuGet.Config
		.nuget\NuGet.exe = .nuget\NuGet.exe
		.nuget\NuGet.targets = .nuget\NuGet.targets
	EndProjectSection
EndProject
Project("{FAE04EC0-301F-11D3-BF4B-00C04F79EFBC}") = "StkCommon.TestUtils", "StkCommon.TestUtils\StkCommon.TestUtils.csproj", "{B9977B08-1C58-4B88-9129-604641557658}"
EndProject
Project("{FAE04EC0-301F-11D3-BF4B-00C04F79EFBC}") = "DbTestFramework.DemoApp", "DbTestFramework.DemoApp\DbTestFramework.DemoApp.csproj", "{BE0BD594-9BAE-4B1E-A3AA-CEA053FFF212}"
EndProject
Project("{FAE04EC0-301F-11D3-BF4B-00C04F79EFBC}") = "StkCommon.TestUtils.Test", "StkCommon.TestUtils.Test\StkCommon.TestUtils.Test.csproj", "{72E219A4-8C93-40B8-A959-57ECD44ED829}"
EndProject
Project("{2150E333-8FDC-42A3-9474-1A3956D46DE8}") = "Demo", "Demo", "{5E3E5C40-F4B9-4E32-BF83-58CAA67AC02D}"
EndProject
Global
	GlobalSection(SolutionConfigurationPlatforms) = preSolution
		Debug|Any CPU = Debug|Any CPU
		Release|Any CPU = Release|Any CPU
	EndGlobalSection
	GlobalSection(ProjectConfigurationPlatforms) = postSolution
		{1742F56B-F8A4-4FE4-9BE6-5A732359CFB3}.Debug|Any CPU.ActiveCfg = Debug|Any CPU
		{1742F56B-F8A4-4FE4-9BE6-5A732359CFB3}.Debug|Any CPU.Build.0 = Debug|Any CPU
		{1742F56B-F8A4-4FE4-9BE6-5A732359CFB3}.Release|Any CPU.ActiveCfg = Release|Any CPU
		{1742F56B-F8A4-4FE4-9BE6-5A732359CFB3}.Release|Any CPU.Build.0 = Release|Any CPU
		{53E5C46F-24DC-444B-A0AF-6D0EF565D6EF}.Debug|Any CPU.ActiveCfg = Debug|Any CPU
		{53E5C46F-24DC-444B-A0AF-6D0EF565D6EF}.Debug|Any CPU.Build.0 = Debug|Any CPU
		{53E5C46F-24DC-444B-A0AF-6D0EF565D6EF}.Release|Any CPU.ActiveCfg = Release|Any CPU
		{53E5C46F-24DC-444B-A0AF-6D0EF565D6EF}.Release|Any CPU.Build.0 = Release|Any CPU
		{704622AD-5660-4AC1-AAF7-BA1B3C75E41C}.Debug|Any CPU.ActiveCfg = Debug|Any CPU
		{704622AD-5660-4AC1-AAF7-BA1B3C75E41C}.Debug|Any CPU.Build.0 = Debug|Any CPU
		{704622AD-5660-4AC1-AAF7-BA1B3C75E41C}.Release|Any CPU.ActiveCfg = Release|Any CPU
		{704622AD-5660-4AC1-AAF7-BA1B3C75E41C}.Release|Any CPU.Build.0 = Release|Any CPU
		{34371A4B-82AE-4909-9051-B573A87C5BB3}.Debug|Any CPU.ActiveCfg = Debug|Any CPU
		{34371A4B-82AE-4909-9051-B573A87C5BB3}.Debug|Any CPU.Build.0 = Debug|Any CPU
		{34371A4B-82AE-4909-9051-B573A87C5BB3}.Release|Any CPU.ActiveCfg = Release|Any CPU
		{34371A4B-82AE-4909-9051-B573A87C5BB3}.Release|Any CPU.Build.0 = Release|Any CPU
		{DA5588E9-5C49-4378-BF77-D04D95C4327F}.Debug|Any CPU.ActiveCfg = Debug|Any CPU
		{DA5588E9-5C49-4378-BF77-D04D95C4327F}.Debug|Any CPU.Build.0 = Debug|Any CPU
		{DA5588E9-5C49-4378-BF77-D04D95C4327F}.Release|Any CPU.ActiveCfg = Release|Any CPU
		{DA5588E9-5C49-4378-BF77-D04D95C4327F}.Release|Any CPU.Build.0 = Release|Any CPU
		{38687D33-5120-4B2E-B2D2-E515CDDF088A}.Debug|Any CPU.ActiveCfg = Debug|Any CPU
		{38687D33-5120-4B2E-B2D2-E515CDDF088A}.Debug|Any CPU.Build.0 = Debug|Any CPU
		{38687D33-5120-4B2E-B2D2-E515CDDF088A}.Release|Any CPU.ActiveCfg = Release|Any CPU
		{38687D33-5120-4B2E-B2D2-E515CDDF088A}.Release|Any CPU.Build.0 = Release|Any CPU
		{B9977B08-1C58-4B88-9129-604641557658}.Debug|Any CPU.ActiveCfg = Debug|Any CPU
		{B9977B08-1C58-4B88-9129-604641557658}.Debug|Any CPU.Build.0 = Debug|Any CPU
		{B9977B08-1C58-4B88-9129-604641557658}.Release|Any CPU.ActiveCfg = Release|Any CPU
		{B9977B08-1C58-4B88-9129-604641557658}.Release|Any CPU.Build.0 = Release|Any CPU
		{BE0BD594-9BAE-4B1E-A3AA-CEA053FFF212}.Debug|Any CPU.ActiveCfg = Debug|Any CPU
		{BE0BD594-9BAE-4B1E-A3AA-CEA053FFF212}.Debug|Any CPU.Build.0 = Debug|Any CPU
		{BE0BD594-9BAE-4B1E-A3AA-CEA053FFF212}.Release|Any CPU.ActiveCfg = Release|Any CPU
		{BE0BD594-9BAE-4B1E-A3AA-CEA053FFF212}.Release|Any CPU.Build.0 = Release|Any CPU
		{72E219A4-8C93-40B8-A959-57ECD44ED829}.Debug|Any CPU.ActiveCfg = Debug|Any CPU
		{72E219A4-8C93-40B8-A959-57ECD44ED829}.Debug|Any CPU.Build.0 = Debug|Any CPU
		{72E219A4-8C93-40B8-A959-57ECD44ED829}.Release|Any CPU.ActiveCfg = Release|Any CPU
		{72E219A4-8C93-40B8-A959-57ECD44ED829}.Release|Any CPU.Build.0 = Release|Any CPU
	EndGlobalSection
	GlobalSection(SolutionProperties) = preSolution
		HideSolutionNode = FALSE
	EndGlobalSection
	GlobalSection(NestedProjects) = preSolution
		{704622AD-5660-4AC1-AAF7-BA1B3C75E41C} = {5E3E5C40-F4B9-4E32-BF83-58CAA67AC02D}
		{34371A4B-82AE-4909-9051-B573A87C5BB3} = {4E3C6C39-8C17-49E2-B30F-D7F8A588D7FF}
		{38687D33-5120-4B2E-B2D2-E515CDDF088A} = {4E3C6C39-8C17-49E2-B30F-D7F8A588D7FF}
		{B9977B08-1C58-4B88-9129-604641557658} = {4E3C6C39-8C17-49E2-B30F-D7F8A588D7FF}
		{BE0BD594-9BAE-4B1E-A3AA-CEA053FFF212} = {5E3E5C40-F4B9-4E32-BF83-58CAA67AC02D}
		{72E219A4-8C93-40B8-A959-57ECD44ED829} = {4E3C6C39-8C17-49E2-B30F-D7F8A588D7FF}
	EndGlobalSection
EndGlobal
